
Microsoft Visual Studio Solution File, Format Version 12.00
# Visual Studio Version 17
VisualStudioVersion = 17.5.33530.505
MinimumVisualStudioVersion = 10.0.40219.1
Project("{9A19103F-16F7-4668-BE54-9A1E7A4F7556}") = "Blazor4", "Blazor4.csproj", "{338A43CD-CFF5-4162-86D3-353648E79D0B}"
EndProject
Global
	GlobalSection(SolutionConfigurationPlatforms) = preSolution
		Debug|Any CPU = Debug|Any CPU
		Release|Any CPU = Release|Any CPU
	EndGlobalSection
	GlobalSection(ProjectConfigurationPlatforms) = postSolution
		{338A43CD-CFF5-4162-86D3-353648E79D0B}.Debug|Any CPU.ActiveCfg = Debug|Any CPU
		{338A43CD-CFF5-4162-86D3-353648E79D0B}.Debug|Any CPU.Build.0 = Debug|Any CPU
		{338A43CD-CFF5-4162-86D3-353648E79D0B}.Release|Any CPU.ActiveCfg = Release|Any CPU
		{338A43CD-CFF5-4162-86D3-353648E79D0B}.Release|Any CPU.Build.0 = Release|Any CPU
	EndGlobalSection
	GlobalSection(SolutionProperties) = preSolution
		HideSolutionNode = FALSE
	EndGlobalSection
	GlobalSection(ExtensibilityGlobals) = postSolution
		SolutionGuid = {83083A14-74AC-493A-8EC2-BBDE043E47E3}
	EndGlobalSection
EndGlobal
